
Microsoft Visual Studio Solution File, Format Version 12.00
# Visual Studio Version 17
VisualStudioVersion = 17.0.31903.59
MinimumVisualStudioVersion = 10.0.40219.1
Project("{9A19103F-16F7-4668-BE54-9A1E7A4F7556}") = "SampleSite", "SampleSite\SampleSite.csproj", "{6CC1E985-4438-4A51-A12D-6F35FFBB0DCB}"
EndProject
Project("{9A19103F-16F7-4668-BE54-9A1E7A4F7556}") = "Umbraco.Community.ClientDrawer", "Umbraco.Community.ClientDrawer\Umbraco.Community.ClientDrawer.csproj", "{B7BDDE08-405E-4778-93F9-F21ECF6E6357}"
EndProject
Project("{2150E333-8FDC-42A3-9474-1A3956D46DE8}") = "Solution Items", "Solution Items", "{8DC38075-8807-4AEC-B9CC-D37033FDBBF5}"
	ProjectSection(SolutionItems) = preProject
		..\README.md = ..\README.md
		..\umbraco-package.json = ..\umbraco-package.json
	EndProjectSection
EndProject
Project("{FAE04EC0-301F-11D3-BF4B-00C04F79EFBC}") = "Sample.Platform.Shared", "Sample.Platform.Shared\Sample.Platform.Shared.csproj", "{C95110A3-50AA-46DC-AC5E-A1D5B4709577}"
EndProject
Global
	GlobalSection(SolutionConfigurationPlatforms) = preSolution
		Debug|Any CPU = Debug|Any CPU
		Release|Any CPU = Release|Any CPU
	EndGlobalSection
	GlobalSection(ProjectConfigurationPlatforms) = postSolution
		{6CC1E985-4438-4A51-A12D-6F35FFBB0DCB}.Debug|Any CPU.ActiveCfg = Debug|Any CPU
		{6CC1E985-4438-4A51-A12D-6F35FFBB0DCB}.Debug|Any CPU.Build.0 = Debug|Any CPU
		{6CC1E985-4438-4A51-A12D-6F35FFBB0DCB}.Release|Any CPU.ActiveCfg = Release|Any CPU
		{6CC1E985-4438-4A51-A12D-6F35FFBB0DCB}.Release|Any CPU.Build.0 = Release|Any CPU
		{B7BDDE08-405E-4778-93F9-F21ECF6E6357}.Debug|Any CPU.ActiveCfg = Debug|Any CPU
		{B7BDDE08-405E-4778-93F9-F21ECF6E6357}.Debug|Any CPU.Build.0 = Debug|Any CPU
		{B7BDDE08-405E-4778-93F9-F21ECF6E6357}.Release|Any CPU.ActiveCfg = Release|Any CPU
		{B7BDDE08-405E-4778-93F9-F21ECF6E6357}.Release|Any CPU.Build.0 = Release|Any CPU
		{C95110A3-50AA-46DC-AC5E-A1D5B4709577}.Debug|Any CPU.ActiveCfg = Debug|Any CPU
		{C95110A3-50AA-46DC-AC5E-A1D5B4709577}.Debug|Any CPU.Build.0 = Debug|Any CPU
		{C95110A3-50AA-46DC-AC5E-A1D5B4709577}.Release|Any CPU.ActiveCfg = Release|Any CPU
		{C95110A3-50AA-46DC-AC5E-A1D5B4709577}.Release|Any CPU.Build.0 = Release|Any CPU
	EndGlobalSection
	GlobalSection(SolutionProperties) = preSolution
		HideSolutionNode = FALSE
	EndGlobalSection
	GlobalSection(ExtensibilityGlobals) = postSolution
		SolutionGuid = {A359B83D-1C74-4C8B-9C99-B486EDA1878B}
	EndGlobalSection
EndGlobal
