
Microsoft Visual Studio Solution File, Format Version 12.00
# Visual Studio Version 17
VisualStudioVersion = 17.0.31903.59
MinimumVisualStudioVersion = 10.0.40219.1
Project("{9A19103F-16F7-4668-BE54-9A1E7A4F7556}") = "ClientDrawer.Bellissima", "ClientDrawer.Bellissima\ClientDrawer.Bellissima.csproj", "{32D89828-2AD4-410B-B89C-6BDEA3E0E02B}"
EndProject
Project("{9A19103F-16F7-4668-BE54-9A1E7A4F7556}") = "ClientDrawer.Core", "ClientDrawer.Core\ClientDrawer.Core.csproj", "{F14B29AE-8464-4B66-B4C0-DFB372FE1317}"
EndProject
Project("{2150E333-8FDC-42A3-9474-1A3956D46DE8}") = "Websites", "Websites", "{056203F6-4F75-490A-BE69-9CE650478A23}"
EndProject
Project("{2150E333-8FDC-42A3-9474-1A3956D46DE8}") = "Packages", "Packages", "{42853590-3342-446D-9861-CD11E35034AD}"
EndProject
Project("{2150E333-8FDC-42A3-9474-1A3956D46DE8}") = "Misc", "Misc", "{8FC48772-3C63-4D78-867F-17A473B2DA45}"
	ProjectSection(SolutionItems) = preProject
		..\.gitignore = ..\.gitignore
		..\README.md = ..\README.md
		..\umbraco-marketplace.json = ..\umbraco-marketplace.json
	EndProjectSection
EndProject
Project("{9A19103F-16F7-4668-BE54-9A1E7A4F7556}") = "Sample.Platform.Shared", "Sample.Platform.Shared\Sample.Platform.Shared.csproj", "{E0845AEB-F27D-4261-80D0-9875622A155C}"
EndProject
Project("{FAE04EC0-301F-11D3-BF4B-00C04F79EFBC}") = "ClientDrawer.Website.v15.Initial", "ClientDrawer.Website.v15.Initial\ClientDrawer.Website.v15.Initial.csproj", "{65ECBBBD-6344-4A5A-BD7F-212E6B57F041}"
EndProject
Project("{FAE04EC0-301F-11D3-BF4B-00C04F79EFBC}") = "ClientDrawer.Website.v15.Latest", "ClientDrawer.Website.v15.Latest\ClientDrawer.Website.v15.Latest.csproj", "{6E3D311D-8B46-4815-B90D-35429AD68D8C}"
EndProject
Global
	GlobalSection(SolutionConfigurationPlatforms) = preSolution
		Debug|Any CPU = Debug|Any CPU
		Release|Any CPU = Release|Any CPU
	EndGlobalSection
	GlobalSection(ProjectConfigurationPlatforms) = postSolution
		{32D89828-2AD4-410B-B89C-6BDEA3E0E02B}.Debug|Any CPU.ActiveCfg = Debug|Any CPU
		{32D89828-2AD4-410B-B89C-6BDEA3E0E02B}.Debug|Any CPU.Build.0 = Debug|Any CPU
		{32D89828-2AD4-410B-B89C-6BDEA3E0E02B}.Release|Any CPU.ActiveCfg = Release|Any CPU
		{32D89828-2AD4-410B-B89C-6BDEA3E0E02B}.Release|Any CPU.Build.0 = Release|Any CPU
		{F14B29AE-8464-4B66-B4C0-DFB372FE1317}.Debug|Any CPU.ActiveCfg = Debug|Any CPU
		{F14B29AE-8464-4B66-B4C0-DFB372FE1317}.Debug|Any CPU.Build.0 = Debug|Any CPU
		{F14B29AE-8464-4B66-B4C0-DFB372FE1317}.Release|Any CPU.ActiveCfg = Release|Any CPU
		{F14B29AE-8464-4B66-B4C0-DFB372FE1317}.Release|Any CPU.Build.0 = Release|Any CPU
		{E0845AEB-F27D-4261-80D0-9875622A155C}.Debug|Any CPU.ActiveCfg = Debug|Any CPU
		{E0845AEB-F27D-4261-80D0-9875622A155C}.Debug|Any CPU.Build.0 = Debug|Any CPU
		{E0845AEB-F27D-4261-80D0-9875622A155C}.Release|Any CPU.ActiveCfg = Release|Any CPU
		{E0845AEB-F27D-4261-80D0-9875622A155C}.Release|Any CPU.Build.0 = Release|Any CPU
		{65ECBBBD-6344-4A5A-BD7F-212E6B57F041}.Debug|Any CPU.ActiveCfg = Debug|Any CPU
		{65ECBBBD-6344-4A5A-BD7F-212E6B57F041}.Debug|Any CPU.Build.0 = Debug|Any CPU
		{65ECBBBD-6344-4A5A-BD7F-212E6B57F041}.Release|Any CPU.ActiveCfg = Release|Any CPU
		{65ECBBBD-6344-4A5A-BD7F-212E6B57F041}.Release|Any CPU.Build.0 = Release|Any CPU
		{6E3D311D-8B46-4815-B90D-35429AD68D8C}.Debug|Any CPU.ActiveCfg = Debug|Any CPU
		{6E3D311D-8B46-4815-B90D-35429AD68D8C}.Debug|Any CPU.Build.0 = Debug|Any CPU
		{6E3D311D-8B46-4815-B90D-35429AD68D8C}.Release|Any CPU.ActiveCfg = Release|Any CPU
		{6E3D311D-8B46-4815-B90D-35429AD68D8C}.Release|Any CPU.Build.0 = Release|Any CPU
	EndGlobalSection
	GlobalSection(SolutionProperties) = preSolution
		HideSolutionNode = FALSE
	EndGlobalSection
	GlobalSection(NestedProjects) = preSolution
		{32D89828-2AD4-410B-B89C-6BDEA3E0E02B} = {42853590-3342-446D-9861-CD11E35034AD}
		{F14B29AE-8464-4B66-B4C0-DFB372FE1317} = {42853590-3342-446D-9861-CD11E35034AD}
		{E0845AEB-F27D-4261-80D0-9875622A155C} = {8FC48772-3C63-4D78-867F-17A473B2DA45}
		{65ECBBBD-6344-4A5A-BD7F-212E6B57F041} = {056203F6-4F75-490A-BE69-9CE650478A23}
		{6E3D311D-8B46-4815-B90D-35429AD68D8C} = {056203F6-4F75-490A-BE69-9CE650478A23}
	EndGlobalSection
	GlobalSection(ExtensibilityGlobals) = postSolution
		SolutionGuid = {1334AF6A-C563-47AF-9140-DBB6027CC48D}
	EndGlobalSection
EndGlobal
